<?xml version="1.0" encoding="utf-8"?>
<Project ToolsVersion="4.0" xmlns="http://schemas.microsoft.com/developer/msbuild/2003">
  <ItemGroup>
    <Filter Include="ソース ファイル">
      <UniqueIdentifier>{4FC737F1-C7A5-4376-A066-2A32D752A2FF}</UniqueIdentifier>
      <Extensions>cpp;c;cc;cxx;c++;cppm;ixx;def;odl;idl;hpj;bat;asm;asmx</Extensions>
    </Filter>
    <Filter Include="ヘッダー ファイル">
      <UniqueIdentifier>{93995380-89BD-4b04-88EB-625FBE52EBFB}</UniqueIdentifier>
      <Extensions>h;hh;hpp;hxx;h++;hm;inl;inc;ipp;xsd</Extensions>
    </Filter>
    <Filter Include="リソース ファイル">
      <UniqueIdentifier>{67DA6AB6-F800-4c08-8B7A-83BB121AAD01}</UniqueIdentifier>
      <Extensions>rc;ico;cur;bmp;dlg;rc2;rct;bin;rgs;gif;jpg;jpeg;jpe;resx;tiff;tif;png;wav;mfcribbon-ms</Extensions>
    </Filter>
    <Filter Include="ソース ファイル\game">
      <UniqueIdentifier>{8ce9242e-2228-4cd4-965e-ee0fcfe4486d}</UniqueIdentifier>
    </Filter>
    <Filter Include="ソース ファイル\game\gameobject">
      <UniqueIdentifier>{add4dd74-ba31-4960-b723-cb77d62e5691}</UniqueIdentifier>
    </Filter>
    <Filter Include="ソース ファイル\game\gameobject\player">
      <UniqueIdentifier>{e5aa1be0-5275-4f40-9c76-2163adaaebc1}</UniqueIdentifier>
    </Filter>
    <Filter Include="ソース ファイル\shader">
      <UniqueIdentifier>{d410be42-9770-49c4-abb8-7bcb6c490972}</UniqueIdentifier>
    </Filter>
    <Filter Include="ソース ファイル\game\gameobject\skybox">
      <UniqueIdentifier>{5c0fa203-de6c-4396-9967-d4b66cbe9c95}</UniqueIdentifier>
    </Filter>
    <Filter Include="ソース ファイル\game\gameobject\BoundingSphere">
      <UniqueIdentifier>{5a497d5f-236d-4e5d-8cac-7d95ca377f24}</UniqueIdentifier>
    </Filter>
    <Filter Include="ソース ファイル\game\gameobject\enemy">
      <UniqueIdentifier>{1d0c36e3-23d1-4c03-8d08-46bf04404bc0}</UniqueIdentifier>
    </Filter>
    <Filter Include="ソース ファイル\game\gameobject\Bullet">
      <UniqueIdentifier>{31fe8bb4-2599-4b22-a36a-f5859ca05e03}</UniqueIdentifier>
    </Filter>
    <Filter Include="ソース ファイル\game\gameobject\hommingmissaile">
      <UniqueIdentifier>{cc50ae50-b916-43c6-b2c6-cde674e51744}</UniqueIdentifier>
    </Filter>
    <Filter Include="ソース ファイル\game\Stage">
      <UniqueIdentifier>{70ff3feb-ded9-4370-9855-5285c35b409c}</UniqueIdentifier>
    </Filter>
    <Filter Include="ソース ファイル\game\GAME">
      <UniqueIdentifier>{c38d54dc-3eaa-4e90-9c15-8013ca05c36b}</UniqueIdentifier>
    </Filter>
    <Filter Include="ソース ファイル\game\audio">
      <UniqueIdentifier>{e682c258-29b7-4234-84b4-c7505e51603b}</UniqueIdentifier>
    </Filter>
    <Filter Include="ソース ファイル\game\UI">
      <UniqueIdentifier>{be799076-bce4-4928-bd84-64a448a4358e}</UniqueIdentifier>
    </Filter>
    <Filter Include="ソース ファイル\game\UI\Timing_UI">
      <UniqueIdentifier>{dee54d73-ed6c-4ea8-8a55-bc433388925d}</UniqueIdentifier>
    </Filter>
    <Filter Include="ソース ファイル\game\UI\Notes">
      <UniqueIdentifier>{07f1a883-81cc-4226-95f1-62e21a1551f5}</UniqueIdentifier>
    </Filter>
    <Filter Include="ソース ファイル\game\Scean">
      <UniqueIdentifier>{2f870a4b-2f37-4ad7-a17f-c242476207a2}</UniqueIdentifier>
    </Filter>
    <Filter Include="ソース ファイル\game\Scean\Title">
      <UniqueIdentifier>{ddf51d4c-b46e-4230-8bbd-e8f0674a4068}</UniqueIdentifier>
    </Filter>
    <Filter Include="ソース ファイル\game\util">
      <UniqueIdentifier>{fc87b590-c7bc-439b-a24e-8683200d3574}</UniqueIdentifier>
    </Filter>
    <Filter Include="ソース ファイル\game\Scean\CLEAR">
      <UniqueIdentifier>{8944c494-2b79-4c89-a5a2-d274e36cd439}</UniqueIdentifier>
    </Filter>
    <Filter Include="ソース ファイル\game\UI\Notes\Notes_Arrange">
      <UniqueIdentifier>{ce3f0f0c-f587-47f6-a65f-3f27d8a5ebc6}</UniqueIdentifier>
    </Filter>
    <Filter Include="ソース ファイル\BPM">
      <UniqueIdentifier>{ce5ca126-2ce4-4fa3-a245-5b5076079d84}</UniqueIdentifier>
    </Filter>
    <Filter Include="ソース ファイル\game\gameobject\Bullet\BulletMgr">
      <UniqueIdentifier>{05a43792-069d-48bf-a1a0-73a1a0f48538}</UniqueIdentifier>
    </Filter>
    <Filter Include="ソース ファイル\system">
      <UniqueIdentifier>{82d7ba25-fb73-4d97-a259-f8d470edd484}</UniqueIdentifier>
    </Filter>
    <Filter Include="ソース ファイル\system\DX11">
      <UniqueIdentifier>{a738f34d-2ad5-4a2b-8e40-187a40291e94}</UniqueIdentifier>
    </Filter>
    <Filter Include="ソース ファイル\system\DX11\util">
      <UniqueIdentifier>{dde3cbde-9e3e-4a59-9d17-d0293f9253cd}</UniqueIdentifier>
    </Filter>
    <Filter Include="ソース ファイル\system\DX11\util\IMGUI">
      <UniqueIdentifier>{9b9aa7f2-34b4-490a-8f93-65d1abd9572d}</UniqueIdentifier>
    </Filter>
    <Filter Include="ソース ファイル\system\DX11\util\CCamera">
      <UniqueIdentifier>{0eeb1224-6909-45e3-a105-7b9c4891f642}</UniqueIdentifier>
    </Filter>
    <Filter Include="ソース ファイル\system\DX11\Sprite">
      <UniqueIdentifier>{a663667e-df7e-456d-a8e4-4fba6d37a57d}</UniqueIdentifier>
    </Filter>
    <Filter Include="ソース ファイル\system\model">
      <UniqueIdentifier>{3a6e9366-9952-4ae7-9bbd-e48626c793d1}</UniqueIdentifier>
    </Filter>
    <Filter Include="ソース ファイル\system\model\CBillBoard">
      <UniqueIdentifier>{0a5f7c72-a3ca-4e90-a8ec-6ae013a3ed4d}</UniqueIdentifier>
    </Filter>
    <Filter Include="ソース ファイル\system\model\Cmodel">
      <UniqueIdentifier>{36cff90b-5592-4ada-a16d-aa87afc8209f}</UniqueIdentifier>
    </Filter>
    <Filter Include="ソース ファイル\system\util">
      <UniqueIdentifier>{2649bf78-57a8-4c00-aafd-d99837aaeaf9}</UniqueIdentifier>
    </Filter>
    <Filter Include="ソース ファイル\system\window">
      <UniqueIdentifier>{ab8b8e90-73b0-44ba-b909-29cccbb061e6}</UniqueIdentifier>
    </Filter>
    <Filter Include="ソース ファイル\game\noise">
      <UniqueIdentifier>{6db19ffb-d883-4352-bd88-8588e95e7469}</UniqueIdentifier>
    </Filter>
    <Filter Include="ソース ファイル\system\DX11\util\StageHit">
      <UniqueIdentifier>{70438f50-6826-4190-a91b-6a39840aa22d}</UniqueIdentifier>
    </Filter>
    <Filter Include="ソース ファイル\system\DX11\util\collision">
      <UniqueIdentifier>{78b77b57-5ba2-4281-96f3-3c861e2ec367}</UniqueIdentifier>
    </Filter>
    <Filter Include="ソース ファイル\game\gameobject\Ground">
      <UniqueIdentifier>{640304e2-25b5-4800-b425-f53cba90ce41}</UniqueIdentifier>
    </Filter>
    <Filter Include="ソース ファイル\game\UI\Notes\default_notes">
      <UniqueIdentifier>{687bbabf-c5ea-437b-98fe-4ce0d0aa1ba1}</UniqueIdentifier>
    </Filter>
    <Filter Include="ソース ファイル\game\UI\Notes\long_notes">
      <UniqueIdentifier>{ccc35119-95cc-42a7-9a8a-37745947d17b}</UniqueIdentifier>
    </Filter>
    <Filter Include="ソース ファイル\game\UI\Notes\notes_object">
      <UniqueIdentifier>{75f13c9f-5d1a-484c-a16c-9f44b8294a2d}</UniqueIdentifier>
    </Filter>
    <Filter Include="ソース ファイル\game\UI\Notes\short_notes">
      <UniqueIdentifier>{2a214435-92ec-47f3-97fa-38949b5c89a4}</UniqueIdentifier>
    </Filter>
    <Filter Include="ソース ファイル\voids">
      <UniqueIdentifier>{5f6a85ca-6586-426c-9f46-da9a0efed595}</UniqueIdentifier>
    </Filter>
    <Filter Include="ソース ファイル\game\gameobject\player\boids">
      <UniqueIdentifier>{2e9a56b7-7022-403b-b6e0-b2480b4ffad9}</UniqueIdentifier>
    </Filter>
    <Filter Include="ソース ファイル\game\gameobject\player\PlayerMgr">
      <UniqueIdentifier>{88884179-f203-4f02-8d2c-a549b55bcba8}</UniqueIdentifier>
    </Filter>
    <Filter Include="ソース ファイル\game\gameobject\enemy\S_Enemy">
      <UniqueIdentifier>{d068c68e-a795-4a0b-b573-f2aa693e1a2c}</UniqueIdentifier>
    </Filter>
    <Filter Include="ソース ファイル\game\GAME\Seiha">
      <UniqueIdentifier>{6eaaa7bc-0bc9-45de-a69e-0b6d95e14895}</UniqueIdentifier>
    </Filter>
    <Filter Include="ソース ファイル\game\UI\GUI">
      <UniqueIdentifier>{c0fdba15-0242-4a5d-a0fc-c175eae6e3a5}</UniqueIdentifier>
    </Filter>
    <Filter Include="ソース ファイル\system\DX11\util\myutil">
      <UniqueIdentifier>{c7641baa-005b-41ca-b4f5-aa036dad8d7d}</UniqueIdentifier>
    </Filter>
    <Filter Include="ソース ファイル\game\gameobject\drawobj">
      <UniqueIdentifier>{20460b2c-343f-4a99-a1e0-60590d3c77d4}</UniqueIdentifier>
    </Filter>
    <Filter Include="ソース ファイル\game\gameobject\drawobj\circle">
      <UniqueIdentifier>{ee12302b-3cc5-464a-820f-6e275187a005}</UniqueIdentifier>
    </Filter>
    <Filter Include="ソース ファイル\game\gameobject\drawobj\Sphere">
      <UniqueIdentifier>{04b6197a-e877-46bd-aa32-64d828d9e594}</UniqueIdentifier>
    </Filter>
    <Filter Include="ソース ファイル\game\gameobject\drawobj\line">
      <UniqueIdentifier>{aa0e75ae-0c71-4641-b8b8-ecd96e69419c}</UniqueIdentifier>
    </Filter>
    <Filter Include="ソース ファイル\game\gameobject\Build">
      <UniqueIdentifier>{1c06d24b-7a96-4a3b-aef4-0ed11379278e}</UniqueIdentifier>
    </Filter>
    <Filter Include="ソース ファイル\system\model\modeldata">
      <UniqueIdentifier>{c9d77124-dd7f-4640-9119-c21899495422}</UniqueIdentifier>
    </Filter>
    <Filter Include="ソース ファイル\system\model\assimp">
      <UniqueIdentifier>{5844de36-d4f3-49ec-9328-644a52c0c2bf}</UniqueIdentifier>
    </Filter>
    <Filter Include="ソース ファイル\system\model\obb">
      <UniqueIdentifier>{3e59bc34-e3ef-44c4-a8f1-898efd5103a5}</UniqueIdentifier>
    </Filter>
    <Filter Include="ソース ファイル\system\model\CBox">
      <UniqueIdentifier>{7ddeb818-7ce8-4b36-b70d-4bcdf224cd11}</UniqueIdentifier>
    </Filter>
    <Filter Include="ソース ファイル\system\Save">
      <UniqueIdentifier>{6c53a95e-832c-4d28-9880-d5218f370307}</UniqueIdentifier>
    </Filter>
    <Filter Include="ソース ファイル\system\model\Skeleton">
      <UniqueIdentifier>{9aaf7335-2d91-404a-a450-4ead6cf173ff}</UniqueIdentifier>
    </Filter>
    <Filter Include="ソース ファイル\system\model\mesh">
      <UniqueIdentifier>{c74151b2-ce2b-419b-84cd-2115c20fd70c}</UniqueIdentifier>
    </Filter>
    <Filter Include="ソース ファイル\game\UI\HP">
      <UniqueIdentifier>{8a16f6cd-1fc9-4bde-bdad-5eeceac60e3f}</UniqueIdentifier>
    </Filter>
    <Filter Include="ソース ファイル\game\gameobject\enemy\NewFilter1">
      <UniqueIdentifier>{2b142af1-a53e-4969-bfab-dae48017d3e3}</UniqueIdentifier>
    </Filter>
  </ItemGroup>
  <ItemGroup>
    <ClCompile Include="Application.cpp">
      <Filter>ソース ファイル</Filter>
    </ClCompile>
    <ClCompile Include="WinMain.cpp">
      <Filter>ソース ファイル</Filter>
    </ClCompile>
    <ClCompile Include="dx11mathutil.cpp">
      <Filter>ソース ファイル\system\DX11\util</Filter>
    </ClCompile>
    <ClCompile Include="Shader.cpp">
      <Filter>ソース ファイル\system\DX11\util</Filter>
    </ClCompile>
    <ClCompile Include="dx11util.cpp">
      <Filter>ソース ファイル\system\DX11\util</Filter>
    </ClCompile>
    <ClCompile Include="CDirectXGraphics.cpp">
      <Filter>ソース ファイル\system\DX11</Filter>
    </ClCompile>
    <ClCompile Include="DDSTextureLoader.cpp">
      <Filter>ソース ファイル\system\model</Filter>
    </ClCompile>
    <ClCompile Include="WICTextureLoader.cpp">
      <Filter>ソース ファイル\system\model</Filter>
    </ClCompile>
    <ClCompile Include="utftosjisconv.cpp">
      <Filter>ソース ファイル\system\model</Filter>
    </ClCompile>
    <ClCompile Include="CWindow.cpp">
      <Filter>ソース ファイル\system\window</Filter>
    </ClCompile>
    <ClCompile Include="CWindowCallback.cpp">
      <Filter>ソース ファイル\system\window</Filter>
    </ClCompile>
    <ClCompile Include="player.cpp">
      <Filter>ソース ファイル\game\gameobject\player</Filter>
    </ClCompile>
    <ClCompile Include="drawaxis.cpp">
      <Filter>ソース ファイル\game\util</Filter>
    </ClCompile>
    <ClCompile Include="skybox.cpp">
      <Filter>ソース ファイル\game\gameobject\skybox</Filter>
    </ClCompile>
    <ClCompile Include="line.cpp">
      <Filter>ソース ファイル\game\gameobject\drawobj\line</Filter>
    </ClCompile>
    <ClCompile Include="BoundingSphere.cpp">
      <Filter>ソース ファイル\game\gameobject\BoundingSphere</Filter>
    </ClCompile>
    <ClCompile Include="sphere.cpp">
      <Filter>ソース ファイル\game\gameobject\drawobj\Sphere</Filter>
    </ClCompile>
    <ClCompile Include="updatespherecamera.cpp">
      <Filter>ソース ファイル\system\DX11\util</Filter>
    </ClCompile>
    <ClCompile Include="enemy.cpp">
      <Filter>ソース ファイル\game\gameobject\enemy</Filter>
    </ClCompile>
    <ClCompile Include="bullet.cpp">
      <Filter>ソース ファイル\game\gameobject\Bullet</Filter>
    </ClCompile>
    <ClCompile Include="hommingmissaile.cpp">
      <Filter>ソース ファイル\game\gameobject\hommingmissaile</Filter>
    </ClCompile>
    <ClCompile Include="CBillBoard.cpp">
      <Filter>ソース ファイル\system\model\CBillBoard</Filter>
    </ClCompile>
    <ClCompile Include="Stage.cpp">
      <Filter>ソース ファイル\game\Stage</Filter>
    </ClCompile>
    <ClCompile Include="IMgui\imgui_widgets.cpp">
      <Filter>ソース ファイル\system\DX11\util\IMGUI</Filter>
    </ClCompile>
    <ClCompile Include="IMgui\imgui.cpp">
      <Filter>ソース ファイル\system\DX11\util\IMGUI</Filter>
    </ClCompile>
    <ClCompile Include="IMgui\imgui_demo.cpp">
      <Filter>ソース ファイル\system\DX11\util\IMGUI</Filter>
    </ClCompile>
    <ClCompile Include="IMgui\imgui_draw.cpp">
      <Filter>ソース ファイル\system\DX11\util\IMGUI</Filter>
    </ClCompile>
    <ClCompile Include="IMgui\imgui_tables.cpp">
      <Filter>ソース ファイル\system\DX11\util\IMGUI</Filter>
    </ClCompile>
    <ClCompile Include="IMgui\imgui_impl_win32.cpp">
      <Filter>ソース ファイル\system\DX11\util\IMGUI</Filter>
    </ClCompile>
    <ClCompile Include="IMgui\imgui_impl_dx11.cpp">
      <Filter>ソース ファイル\system\DX11\util\IMGUI</Filter>
    </ClCompile>
    <ClCompile Include="gui.cpp">
      <Filter>ソース ファイル\game\UI\GUI</Filter>
    </ClCompile>
    <ClCompile Include="CModel.cpp">
      <Filter>ソース ファイル\system\model\Cmodel</Filter>
    </ClCompile>
    <ClCompile Include="XAudio2.cpp">
      <Filter>ソース ファイル\game\audio</Filter>
    </ClCompile>
    <ClCompile Include="CCamera.cpp">
      <Filter>ソース ファイル\system\DX11\util\CCamera</Filter>
    </ClCompile>
    <ClCompile Include="Timing_UI.cpp">
      <Filter>ソース ファイル\game\UI\Timing_UI</Filter>
    </ClCompile>
    <ClCompile Include="S_Enemy.cpp">
      <Filter>ソース ファイル\game\gameobject\enemy\S_Enemy</Filter>
    </ClCompile>
    <ClCompile Include="Scean.cpp">
      <Filter>ソース ファイル\game\Scean</Filter>
    </ClCompile>
    <ClCompile Include="game.cpp">
      <Filter>ソース ファイル\game\GAME</Filter>
    </ClCompile>
    <ClCompile Include="S_Title.cpp">
      <Filter>ソース ファイル\game\Scean\Title</Filter>
    </ClCompile>
    <ClCompile Include="Seiha.cpp">
      <Filter>ソース ファイル\game\GAME\Seiha</Filter>
    </ClCompile>
    <ClCompile Include="sprite.cpp">
      <Filter>ソース ファイル\system\DX11\Sprite</Filter>
    </ClCompile>
    <ClCompile Include="SpriteMgr.cpp">
      <Filter>ソース ファイル\system\DX11\Sprite</Filter>
    </ClCompile>
    <ClCompile Include="CHeight_Map.cpp">
      <Filter>ソース ファイル\system\DX11\Sprite</Filter>
    </ClCompile>
    <ClCompile Include="S_Clear.cpp">
      <Filter>ソース ファイル\game\Scean\CLEAR</Filter>
    </ClCompile>
    <ClCompile Include="Notes_Arrange.cpp">
      <Filter>ソース ファイル\game\UI\Notes\Notes_Arrange</Filter>
    </ClCompile>
    <ClCompile Include="XIController.cpp">
      <Filter>ソース ファイル</Filter>
    </ClCompile>
    <ClCompile Include="DIController.cpp">
      <Filter>ソース ファイル</Filter>
    </ClCompile>
    <ClCompile Include="BulletMgr.cpp">
      <Filter>ソース ファイル\game\gameobject\Bullet\BulletMgr</Filter>
    </ClCompile>
    <ClCompile Include="CTex.cpp">
      <Filter>ソース ファイル\system\DX11\Sprite</Filter>
    </ClCompile>
    <ClCompile Include="noise.cpp">
      <Filter>ソース ファイル\game\noise</Filter>
    </ClCompile>
    <ClCompile Include="StageHit.cpp">
      <Filter>ソース ファイル\system\DX11\util\StageHit</Filter>
    </ClCompile>
    <ClCompile Include="collision.cpp">
      <Filter>ソース ファイル\system\DX11\util\collision</Filter>
    </ClCompile>
    <ClCompile Include="ground.cpp">
      <Filter>ソース ファイル\game\gameobject\Ground</Filter>
    </ClCompile>
    <ClCompile Include="Notes.cpp">
      <Filter>ソース ファイル\game\UI\Notes\default_notes</Filter>
    </ClCompile>
    <ClCompile Include="Long_Notes.cpp">
      <Filter>ソース ファイル\game\UI\Notes\long_notes</Filter>
    </ClCompile>
    <ClCompile Include="Notes_Object.cpp">
      <Filter>ソース ファイル\game\UI\Notes\notes_object</Filter>
    </ClCompile>
    <ClCompile Include="short_notes.cpp">
      <Filter>ソース ファイル\game\UI\Notes\short_notes</Filter>
    </ClCompile>
    <ClCompile Include="PlayerMgr.cpp">
      <Filter>ソース ファイル\game\gameobject\player\PlayerMgr</Filter>
    </ClCompile>
    <ClCompile Include="voids.cpp">
      <Filter>ソース ファイル\voids</Filter>
    </ClCompile>
    <ClCompile Include="myutil.cpp">
      <Filter>ソース ファイル\system\DX11\util\myutil</Filter>
    </ClCompile>
    <ClCompile Include="circle.cpp">
      <Filter>ソース ファイル\game\gameobject\drawobj\circle</Filter>
    </ClCompile>
    <ClCompile Include="build.cpp">
      <Filter>ソース ファイル\game\gameobject\Build</Filter>
    </ClCompile>
    <ClCompile Include="MouseCircle.cpp">
      <Filter>ソース ファイル\game\UI</Filter>
    </ClCompile>
    <ClCompile Include="ModelData.cpp">
      <Filter>ソース ファイル\system\model\modeldata</Filter>
    </ClCompile>
    <ClCompile Include="assimpscene.cpp">
      <Filter>ソース ファイル\system\model\assimp</Filter>
    </ClCompile>
    <ClCompile Include="AnimationDataAssimp.cpp">
      <Filter>ソース ファイル\system\model\assimp</Filter>
    </ClCompile>
    <ClCompile Include="obb.cpp">
      <Filter>ソース ファイル\system\model\obb</Filter>
    </ClCompile>
    <ClCompile Include="CBox.cpp">
      <Filter>ソース ファイル\system\model\CBox</Filter>
    </ClCompile>
    <ClCompile Include="CBBoxGenerater.cpp">
      <Filter>ソース ファイル\system\model\CBox</Filter>
    </ClCompile>
    <ClCompile Include="Skeleton.cpp">
      <Filter>ソース ファイル\system\model\Skeleton</Filter>
    </ClCompile>
    <ClCompile Include="Bone.cpp">
      <Filter>ソース ファイル\system\model\Skeleton</Filter>
    </ClCompile>
    <ClCompile Include="mesh.cpp">
      <Filter>ソース ファイル\system\model\mesh</Filter>
    </ClCompile>
    <ClCompile Include="MeshData.cpp">
      <Filter>ソース ファイル\system\model\mesh</Filter>
    </ClCompile>
    <ClCompile Include="UniqueEnemy.cpp">
      <Filter>ソース ファイル\game\gameobject\player\PlayerMgr</Filter>
    </ClCompile>
    <ClCompile Include="UniqueEnemy_bomb.cpp">
      <Filter>ソース ファイル\game\gameobject\player\PlayerMgr</Filter>
    </ClCompile>
    <ClCompile Include="BoidsHP.cpp">
      <Filter>ソース ファイル\game\UI\HP</Filter>
    </ClCompile>
    <ClCompile Include="billboardMgr.cpp">
      <Filter>ソース ファイル\game\UI</Filter>
    </ClCompile>
    <ClCompile Include="AnimeSprite.cpp">
      <Filter>ソース ファイル\system\DX11\Sprite</Filter>
    </ClCompile>
    <ClCompile Include="granate.cpp">
      <Filter>ソース ファイル\game\UI</Filter>
    </ClCompile>
    <ClCompile Include="instance.cpp">
      <Filter>ソース ファイル\system\DX11\Sprite</Filter>
    </ClCompile>
    <ClCompile Include="instan.cpp">
      <Filter>ソース ファイル\system\DX11\Sprite</Filter>
    </ClCompile>
    <ClCompile Include="instancemodel.cpp">
      <Filter>ソース ファイル\system\DX11\Sprite</Filter>
    </ClCompile>
    <ClCompile Include="CModelInstance.cpp">
      <Filter>ソース ファイル\system\model\Cmodel</Filter>
    </ClCompile>
    <ClCompile Include="DatFile.cpp">
      <Filter>ソース ファイル\system\DX11\Sprite</Filter>
    </ClCompile>
    <ClCompile Include="DatFileLoader.cpp">
      <Filter>ソース ファイル\system\DX11\Sprite</Filter>
    </ClCompile>
  </ItemGroup>
  <ItemGroup>
    <ClInclude Include="dx11mathutil.h">
      <Filter>ソース ファイル\system\DX11\util</Filter>
    </ClInclude>
    <ClInclude Include="DX11Settransform.h">
      <Filter>ソース ファイル\system\DX11\util</Filter>
    </ClInclude>
    <ClInclude Include="Shader.h">
      <Filter>ソース ファイル\system\DX11\util</Filter>
    </ClInclude>
    <ClInclude Include="DX11util.h">
      <Filter>ソース ファイル\system\DX11\util</Filter>
    </ClInclude>
    <ClInclude Include="CDirectInput.h">
      <Filter>ソース ファイル\system\DX11</Filter>
    </ClInclude>
    <ClInclude Include="CDirectxGraphics.h">
      <Filter>ソース ファイル\system\DX11</Filter>
    </ClInclude>
    <ClInclude Include="CLight.h">
      <Filter>ソース ファイル\system\DX11</Filter>
    </ClInclude>
    <ClInclude Include="utftosjisconv.h">
      <Filter>ソース ファイル\system\model</Filter>
    </ClInclude>
    <ClInclude Include="vertexproto.h">
      <Filter>ソース ファイル\system\model</Filter>
    </ClInclude>
    <ClInclude Include="CWindow.h">
      <Filter>ソース ファイル\system\window</Filter>
    </ClInclude>
    <ClInclude Include="CWindowCallback.h">
      <Filter>ソース ファイル\system\window</Filter>
    </ClInclude>
    <ClInclude Include="Memory.h">
      <Filter>ヘッダー ファイル</Filter>
    </ClInclude>
    <ClInclude Include="Application.h">
      <Filter>ヘッダー ファイル</Filter>
    </ClInclude>
    <ClInclude Include="macro.h">
      <Filter>ヘッダー ファイル</Filter>
    </ClInclude>
    <ClInclude Include="player.h">
      <Filter>ソース ファイル\game\gameobject\player</Filter>
    </ClInclude>
    <ClInclude Include="shaderhashmap.h">
      <Filter>ソース ファイル\system\util</Filter>
    </ClInclude>
    <ClInclude Include="drawaxis.h">
      <Filter>ソース ファイル\game\util</Filter>
    </ClInclude>
    <ClInclude Include="line.h">
      <Filter>ソース ファイル\game\util</Filter>
    </ClInclude>
    <ClInclude Include="skybox.h">
      <Filter>ソース ファイル\game\gameobject\skybox</Filter>
    </ClInclude>
    <ClInclude Include="lineh.h">
      <Filter>ソース ファイル\game\gameobject\drawobj\line</Filter>
    </ClInclude>
    <ClInclude Include="BoundingSphere.h">
      <Filter>ソース ファイル\game\gameobject\BoundingSphere</Filter>
    </ClInclude>
    <ClInclude Include="sphere.h">
      <Filter>ソース ファイル\game\gameobject\drawobj\Sphere</Filter>
    </ClInclude>
    <ClInclude Include="updatespherecamera.h">
      <Filter>ソース ファイル\system\DX11\util</Filter>
    </ClInclude>
    <ClInclude Include="ModelMgr.h">
      <Filter>ヘッダー ファイル</Filter>
    </ClInclude>
    <ClInclude Include="enemy.h">
      <Filter>ソース ファイル\game\gameobject\enemy</Filter>
    </ClInclude>
    <ClInclude Include="bullet.h">
      <Filter>ソース ファイル\game\gameobject\Bullet</Filter>
    </ClInclude>
    <ClInclude Include="hommingmissaile.h">
      <Filter>ソース ファイル\game\gameobject\hommingmissaile</Filter>
    </ClInclude>
    <ClInclude Include="CBillBoard.h">
      <Filter>ソース ファイル\system\model\CBillBoard</Filter>
    </ClInclude>
    <ClInclude Include="Seiha.h">
      <Filter>ソース ファイル\game\GAME\Seiha</Filter>
    </ClInclude>
    <ClInclude Include="Stage.h">
      <Filter>ソース ファイル\game\Stage</Filter>
    </ClInclude>
    <ClInclude Include="IMgui\imstb_rectpack.h">
      <Filter>ソース ファイル\system\DX11\util\IMGUI</Filter>
    </ClInclude>
    <ClInclude Include="IMgui\imstb_textedit.h">
      <Filter>ソース ファイル\system\DX11\util\IMGUI</Filter>
    </ClInclude>
    <ClInclude Include="IMgui\imstb_truetype.h">
      <Filter>ソース ファイル\system\DX11\util\IMGUI</Filter>
    </ClInclude>
    <ClInclude Include="IMgui\imconfig.h">
      <Filter>ソース ファイル\system\DX11\util\IMGUI</Filter>
    </ClInclude>
    <ClInclude Include="IMgui\imgui.h">
      <Filter>ソース ファイル\system\DX11\util\IMGUI</Filter>
    </ClInclude>
    <ClInclude Include="IMgui\imgui_internal.h">
      <Filter>ソース ファイル\system\DX11\util\IMGUI</Filter>
    </ClInclude>
    <ClInclude Include="IMgui\imgui_impl_win32.h">
      <Filter>ソース ファイル\system\DX11\util\IMGUI</Filter>
    </ClInclude>
    <ClInclude Include="IMgui\backends\imgui_impl_dx11.h">
      <Filter>ソース ファイル\system\DX11\util\IMGUI</Filter>
    </ClInclude>
    <ClInclude Include="gui.h">
      <Filter>ソース ファイル\game\UI\GUI</Filter>
    </ClInclude>
    <ClInclude Include="game.h">
      <Filter>ソース ファイル\game\GAME</Filter>
    </ClInclude>
    <ClInclude Include="CModel.h">
      <Filter>ソース ファイル\system\model\Cmodel</Filter>
    </ClInclude>
    <ClInclude Include="XAudio2.h">
      <Filter>ソース ファイル\game\audio</Filter>
    </ClInclude>
    <ClInclude Include="CCamera.h">
      <Filter>ソース ファイル\system\DX11\util\CCamera</Filter>
    </ClInclude>
    <ClInclude Include="Timing_UI.h">
      <Filter>ソース ファイル\game\UI\Timing_UI</Filter>
    </ClInclude>
    <ClInclude Include="S_Enemy.h">
      <Filter>ソース ファイル\game\gameobject\enemy\S_Enemy</Filter>
    </ClInclude>
    <ClInclude Include="Scean.h">
      <Filter>ソース ファイル\game\Scean</Filter>
    </ClInclude>
    <ClInclude Include="S_Title.h">
      <Filter>ソース ファイル\game\Scean\Title</Filter>
    </ClInclude>
    <ClInclude Include="sprite.h">
      <Filter>ソース ファイル\system\DX11\Sprite</Filter>
    </ClInclude>
    <ClInclude Include="SpriteMgr.h">
      <Filter>ソース ファイル\system\DX11\Sprite</Filter>
    </ClInclude>
    <ClInclude Include="CHeightMgr.h">
      <Filter>ソース ファイル\system\DX11\Sprite</Filter>
    </ClInclude>
    <ClInclude Include="CHeight_Map.h">
      <Filter>ソース ファイル\system\DX11\Sprite</Filter>
    </ClInclude>
    <ClInclude Include="S_Clear.h">
      <Filter>ソース ファイル\game\Scean\CLEAR</Filter>
    </ClInclude>
    <ClInclude Include="uncopyable.h">
      <Filter>ソース ファイル\system\DX11\Sprite</Filter>
    </ClInclude>
    <ClInclude Include="Notes_Arrange.h">
      <Filter>ソース ファイル\game\UI\Notes\Notes_Arrange</Filter>
    </ClInclude>
    <ClInclude Include="Notes_Data.h">
      <Filter>ソース ファイル\game\UI\Notes</Filter>
    </ClInclude>
    <ClInclude Include="Bpm_Data.h">
      <Filter>ソース ファイル\BPM</Filter>
    </ClInclude>
    <ClInclude Include="DIController.h">
      <Filter>ヘッダー ファイル</Filter>
    </ClInclude>
    <ClInclude Include="XIController.h">
      <Filter>ヘッダー ファイル</Filter>
    </ClInclude>
    <ClInclude Include="BulletMgr.h">
      <Filter>ソース ファイル\game\gameobject\Bullet\BulletMgr</Filter>
    </ClInclude>
    <ClInclude Include="gameobject.h">
      <Filter>ソース ファイル\game\UI\Notes</Filter>
    </ClInclude>
    <ClInclude Include="CTex.h">
      <Filter>ソース ファイル\system\DX11\Sprite</Filter>
    </ClInclude>
    <ClInclude Include="CTexMgr.h">
      <Filter>ソース ファイル\system\DX11\Sprite</Filter>
    </ClInclude>
    <ClInclude Include="noise.h">
      <Filter>ソース ファイル\game\noise</Filter>
    </ClInclude>
    <ClInclude Include="StageHit.h">
      <Filter>ソース ファイル\system\DX11\util\StageHit</Filter>
    </ClInclude>
    <ClInclude Include="collision.h">
      <Filter>ソース ファイル\system\DX11\util\collision</Filter>
    </ClInclude>
    <ClInclude Include="ground.h">
      <Filter>ソース ファイル\game\gameobject\Ground</Filter>
    </ClInclude>
    <ClInclude Include="Notes.h">
      <Filter>ソース ファイル\game\UI\Notes\default_notes</Filter>
    </ClInclude>
    <ClInclude Include="Long_Notes.h">
      <Filter>ソース ファイル\game\UI\Notes\long_notes</Filter>
    </ClInclude>
    <ClInclude Include="Notes_Object.h">
      <Filter>ソース ファイル\game\UI\Notes\notes_object</Filter>
    </ClInclude>
    <ClInclude Include="short_notes.h">
      <Filter>ソース ファイル\game\UI\Notes\short_notes</Filter>
    </ClInclude>
    <ClInclude Include="PlayerMgr.h">
      <Filter>ソース ファイル\game\gameobject\player\PlayerMgr</Filter>
    </ClInclude>
    <ClInclude Include="voids.h">
      <Filter>ソース ファイル\voids</Filter>
    </ClInclude>
    <ClInclude Include="myutil.h">
      <Filter>ソース ファイル\system\DX11\util\myutil</Filter>
    </ClInclude>
    <ClInclude Include="circle.h">
      <Filter>ソース ファイル\game\gameobject\drawobj\circle</Filter>
    </ClInclude>
    <ClInclude Include="ColTrees.h">
      <Filter>ソース ファイル\game\gameobject\player</Filter>
    </ClInclude>
    <ClInclude Include="OctreeMain.h">
      <Filter>ソース ファイル\game\gameobject\player</Filter>
    </ClInclude>
    <ClInclude Include="SmartPtr.h">
      <Filter>ソース ファイル\game\gameobject\player</Filter>
    </ClInclude>
    <ClInclude Include="build.h">
      <Filter>ソース ファイル\game\gameobject\Build</Filter>
    </ClInclude>
    <ClInclude Include="MouseCircle.h">
      <Filter>ソース ファイル\game\UI</Filter>
    </ClInclude>
    <ClInclude Include="ModelData.h">
      <Filter>ソース ファイル\system\model\modeldata</Filter>
    </ClInclude>
    <ClInclude Include="assimpscene.h">
      <Filter>ソース ファイル\system\model\assimp</Filter>
    </ClInclude>
    <ClInclude Include="AnimationDataAssimp.h">
      <Filter>ソース ファイル\system\model\assimp</Filter>
    </ClInclude>
    <ClInclude Include="obb.h">
      <Filter>ソース ファイル\system\model\obb</Filter>
    </ClInclude>
    <ClInclude Include="CBox.h">
      <Filter>ソース ファイル\system\model\CBox</Filter>
    </ClInclude>
    <ClInclude Include="CBBoxGenerater.h">
      <Filter>ソース ファイル\system\model\CBox</Filter>
    </ClInclude>
    <ClInclude Include="Data.h">
      <Filter>ソース ファイル\system\model</Filter>
    </ClInclude>
    <ClInclude Include="NonCopyable.h">
      <Filter>ソース ファイル\system\model\Cmodel</Filter>
    </ClInclude>
    <ClInclude Include="ExcePtion.h">
      <Filter>ソース ファイル\system\model</Filter>
    </ClInclude>
    <ClInclude Include="Save.h">
      <Filter>ソース ファイル\system\Save</Filter>
    </ClInclude>
    <ClInclude Include="Skeleton.h">
      <Filter>ソース ファイル\system\model\Skeleton</Filter>
    </ClInclude>
    <ClInclude Include="Bone.h">
      <Filter>ソース ファイル\system\model\Skeleton</Filter>
    </ClInclude>
    <ClInclude Include="mesh.h">
      <Filter>ソース ファイル\system\model\mesh</Filter>
    </ClInclude>
    <ClInclude Include="MeshData.h">
      <Filter>ソース ファイル\system\model\mesh</Filter>
    </ClInclude>
    <ClInclude Include="UniqueEnemy.h">
      <Filter>ソース ファイル\game\gameobject\player\PlayerMgr</Filter>
    </ClInclude>
    <ClInclude Include="UniqueEnemy_Bomb.h">
      <Filter>ソース ファイル\game\gameobject\player\PlayerMgr</Filter>
    </ClInclude>
    <ClInclude Include="BoidsHp.h">
      <Filter>ソース ファイル\game\UI\HP</Filter>
    </ClInclude>
    <ClInclude Include="CBillboardMgr.h">
      <Filter>ソース ファイル\system\DX11\Sprite</Filter>
    </ClInclude>
    <ClInclude Include="billboardMgr.h">
      <Filter>ソース ファイル\game\UI</Filter>
    </ClInclude>
    <ClInclude Include="AnimeSprite.h">
      <Filter>ソース ファイル\system\DX11\Sprite</Filter>
    </ClInclude>
    <ClInclude Include="granate.h">
      <Filter>ソース ファイル\game\UI</Filter>
    </ClInclude>
    <ClInclude Include="instance.h">
      <Filter>ソース ファイル\system\DX11\Sprite</Filter>
    </ClInclude>
    <ClInclude Include="instan.h">
      <Filter>ソース ファイル\system\DX11\Sprite</Filter>
    </ClInclude>
    <ClInclude Include="instancemodel.h">
      <Filter>ソース ファイル\system\DX11\Sprite</Filter>
    </ClInclude>
    <ClInclude Include="CModelInstance.h">
      <Filter>ソース ファイル\system\model\Cmodel</Filter>
    </ClInclude>
    <ClInclude Include="DatFile.h">
      <Filter>ソース ファイル\system\DX11\Sprite</Filter>
    </ClInclude>
    <ClInclude Include="DatFileLoader.h">
      <Filter>ソース ファイル\system\DX11\Sprite</Filter>
    </ClInclude>
  </ItemGroup>
  <ItemGroup>
    <FxCompile Include="shader\ps.hlsl">
      <Filter>ソース ファイル\shader</Filter>
    </FxCompile>
    <FxCompile Include="shader\psline.hlsl">
      <Filter>ソース ファイル\shader</Filter>
    </FxCompile>
    <FxCompile Include="shader\vs.hlsl">
      <Filter>ソース ファイル\shader</Filter>
    </FxCompile>
    <FxCompile Include="shader\vsline.hlsl">
      <Filter>ソース ファイル\shader</Filter>
    </FxCompile>
    <FxCompile Include="shader\pstexcol.hlsl">
      <Filter>ソース ファイル\shader</Filter>
    </FxCompile>
    <FxCompile Include="shader\pssphere.hlsl">
      <Filter>ソース ファイル\shader</Filter>
    </FxCompile>
    <FxCompile Include="shader\vssphere.hlsl">
      <Filter>ソース ファイル\shader</Filter>
    </FxCompile>
    <FxCompile Include="shader\VSTess+Disp.hlsl">
      <Filter>ソース ファイル\shader</Filter>
    </FxCompile>
    <FxCompile Include="shader\psvscommon.hlsl">
      <Filter>ソース ファイル\shader</Filter>
    </FxCompile>
    <FxCompile Include="shader\HSTess+Disp.hlsl">
      <Filter>ソース ファイル\shader</Filter>
    </FxCompile>
    <FxCompile Include="shader\DSTess+Disp.hlsl">
      <Filter>ソース ファイル\shader</Filter>
    </FxCompile>
    <FxCompile Include="shader\psheight.hlsl">
      <Filter>ソース ファイル\shader</Filter>
    </FxCompile>
    <FxCompile Include="shader\vsquad2d.hlsl">
      <Filter>ソース ファイル\shader</Filter>
    </FxCompile>
    <FxCompile Include="shader\psbillboard.hlsl">
      <Filter>ソース ファイル\shader</Filter>
    </FxCompile>
    <FxCompile Include="shader\vsbillboard.hlsl">
      <Filter>ソース ファイル\shader</Filter>
    </FxCompile>
    <FxCompile Include="shader\psvscommon.fx">
      <Filter>ソース ファイル\shader</Filter>
    </FxCompile>
    <FxCompile Include="shader\vsinstance.fx">
      <Filter>ソース ファイル\shader</Filter>
    </FxCompile>
    <FxCompile Include="shader\ps.fx">
      <Filter>ソース ファイル\shader</Filter>
    </FxCompile>
  </ItemGroup>
  <ItemGroup>
    <None Include="shader\instancevs.hlsl">
      <Filter>ソース ファイル\shader</Filter>
    </None>
  </ItemGroup>
</Project>